
Microsoft Visual Studio Solution File, Format Version 12.00
# Visual Studio Version 17
VisualStudioVersion = 17.12.35707.178
MinimumVisualStudioVersion = 10.0.40219.1
Project("{9A19103F-16F7-4668-BE54-9A1E7A4F7556}") = "Dental_Surgery", "Dental_Surgery\Dental_Surgery.csproj", "{C5C3C8A0-2C01-4D3A-A683-6F159B492250}"
EndProject
Project("{9A19103F-16F7-4668-BE54-9A1E7A4F7556}") = "Dental.Model", "Dental.Model\Dental.Model.csproj", "{47038765-76D3-4D73-A667-500AE1BC8D18}"
EndProject
Project("{9A19103F-16F7-4668-BE54-9A1E7A4F7556}") = "Dental.Service", "Dental.Service\Dental.Service.csproj", "{BCE88940-01AD-4FC7-89EC-379647C9A19D}"
EndProject
Project("{FAE04EC0-301F-11D3-BF4B-00C04F79EFBC}") = "Dental.DataAcess", "Dental.DataAcess\Dental.DataAcess.csproj", "{8CB5970D-E7BA-4C32-A308-387B93D1F63B}"
EndProject
Global
	GlobalSection(SolutionConfigurationPlatforms) = preSolution
		Debug|Any CPU = Debug|Any CPU
		Release|Any CPU = Release|Any CPU
	EndGlobalSection
	GlobalSection(ProjectConfigurationPlatforms) = postSolution
		{C5C3C8A0-2C01-4D3A-A683-6F159B492250}.Debug|Any CPU.ActiveCfg = Debug|Any CPU
		{C5C3C8A0-2C01-4D3A-A683-6F159B492250}.Debug|Any CPU.Build.0 = Debug|Any CPU
		{C5C3C8A0-2C01-4D3A-A683-6F159B492250}.Release|Any CPU.ActiveCfg = Release|Any CPU
		{C5C3C8A0-2C01-4D3A-A683-6F159B492250}.Release|Any CPU.Build.0 = Release|Any CPU
		{47038765-76D3-4D73-A667-500AE1BC8D18}.Debug|Any CPU.ActiveCfg = Debug|Any CPU
		{47038765-76D3-4D73-A667-500AE1BC8D18}.Debug|Any CPU.Build.0 = Debug|Any CPU
		{47038765-76D3-4D73-A667-500AE1BC8D18}.Release|Any CPU.ActiveCfg = Release|Any CPU
		{47038765-76D3-4D73-A667-500AE1BC8D18}.Release|Any CPU.Build.0 = Release|Any CPU
		{BCE88940-01AD-4FC7-89EC-379647C9A19D}.Debug|Any CPU.ActiveCfg = Debug|Any CPU
		{BCE88940-01AD-4FC7-89EC-379647C9A19D}.Debug|Any CPU.Build.0 = Debug|Any CPU
		{BCE88940-01AD-4FC7-89EC-379647C9A19D}.Release|Any CPU.ActiveCfg = Release|Any CPU
		{BCE88940-01AD-4FC7-89EC-379647C9A19D}.Release|Any CPU.Build.0 = Release|Any CPU
		{8CB5970D-E7BA-4C32-A308-387B93D1F63B}.Debug|Any CPU.ActiveCfg = Debug|Any CPU
		{8CB5970D-E7BA-4C32-A308-387B93D1F63B}.Debug|Any CPU.Build.0 = Debug|Any CPU
		{8CB5970D-E7BA-4C32-A308-387B93D1F63B}.Release|Any CPU.ActiveCfg = Release|Any CPU
		{8CB5970D-E7BA-4C32-A308-387B93D1F63B}.Release|Any CPU.Build.0 = Release|Any CPU
	EndGlobalSection
	GlobalSection(SolutionProperties) = preSolution
		HideSolutionNode = FALSE
	EndGlobalSection
	GlobalSection(ExtensibilityGlobals) = postSolution
		SolutionGuid = {FD75B332-1489-4737-BD64-9C4A78804261}
	EndGlobalSection
EndGlobal
